
Microsoft Visual Studio Solution File, Format Version 12.00
# Visual Studio Version 16
VisualStudioVersion = 16.0.810.11
MinimumVisualStudioVersion = 10.0.40219.1
Project("{FAE04EC0-301F-11D3-BF4B-00C04F79EFBC}") = "OdontoSimple", "OdontoSimple.csproj", "{19DE25FD-57C2-49B2-AF1D-DCA1EFA05CFC}"
EndProject
Global
	GlobalSection(SolutionConfigurationPlatforms) = preSolution
		Debug|Any CPU = Debug|Any CPU
		Release|Any CPU = Release|Any CPU
	EndGlobalSection
	GlobalSection(ProjectConfigurationPlatforms) = postSolution
		{19DE25FD-57C2-49B2-AF1D-DCA1EFA05CFC}.Debug|Any CPU.ActiveCfg = Debug|Any CPU
		{19DE25FD-57C2-49B2-AF1D-DCA1EFA05CFC}.Debug|Any CPU.Build.0 = Debug|Any CPU
		{19DE25FD-57C2-49B2-AF1D-DCA1EFA05CFC}.Release|Any CPU.ActiveCfg = Release|Any CPU
		{19DE25FD-57C2-49B2-AF1D-DCA1EFA05CFC}.Release|Any CPU.Build.0 = Release|Any CPU
	EndGlobalSection
	GlobalSection(SolutionProperties) = preSolution
		HideSolutionNode = FALSE
	EndGlobalSection
	GlobalSection(ExtensibilityGlobals) = postSolution
		SolutionGuid = {6CEDD936-26FB-4710-90FA-7AC985E5A78B}
	EndGlobalSection
EndGlobal
